
Microsoft Visual Studio Solution File, Format Version 12.00
# Visual Studio Version 17
VisualStudioVersion = 17.11.35327.3
MinimumVisualStudioVersion = 10.0.40219.1
Project("{9A19103F-16F7-4668-BE54-9A1E7A4F7556}") = "pricing-engine", "pricing-engine\pricing-engine.csproj", "{C3E60E3C-F05F-4EAD-A2DF-F42E64909370}"
EndProject
Project("{2150E333-8FDC-42A3-9474-1A3956D46DE8}") = "Solution Items", "Solution Items", "{F52A2CAD-49C8-4534-B830-F0C293F693E5}"
	ProjectSection(SolutionItems) = preProject
		.editorconfig = .editorconfig
	EndProjectSection
EndProject
Global
	GlobalSection(SolutionConfigurationPlatforms) = preSolution
		Debug|Any CPU = Debug|Any CPU
		Release|Any CPU = Release|Any CPU
	EndGlobalSection
	GlobalSection(ProjectConfigurationPlatforms) = postSolution
		{C3E60E3C-F05F-4EAD-A2DF-F42E64909370}.Debug|Any CPU.ActiveCfg = Debug|Any CPU
		{C3E60E3C-F05F-4EAD-A2DF-F42E64909370}.Debug|Any CPU.Build.0 = Debug|Any CPU
		{C3E60E3C-F05F-4EAD-A2DF-F42E64909370}.Release|Any CPU.ActiveCfg = Release|Any CPU
		{C3E60E3C-F05F-4EAD-A2DF-F42E64909370}.Release|Any CPU.Build.0 = Release|Any CPU
	EndGlobalSection
	GlobalSection(SolutionProperties) = preSolution
		HideSolutionNode = FALSE
	EndGlobalSection
	GlobalSection(ExtensibilityGlobals) = postSolution
		SolutionGuid = {DAB11F31-CFDA-4AD3-AD2F-42AC8EF7669C}
	EndGlobalSection
EndGlobal
